# THIS IS AN AUTOGENERATED FILE. DO NOT EDIT THIS FILE DIRECTLY.
# yarn lockfile v1


"@types/node@^18.13.0":
  version "18.14.6"
  resolved "https://registry.yarnpkg.com/@types/node/-/node-18.14.6.tgz#ae1973dd2b1eeb1825695bb11ebfb746d27e3e93"
  integrity sha512-93+VvleD3mXwlLI/xASjw0FzKcwzl3OdTCzm1LaRfqgS21gfFtK3zDXM5Op9TeeMsJVOaJ2VRDpT9q4Y3d0AvA==

ansi-purge@^1.0.0:
  version "1.0.0"
  resolved "https://registry.yarnpkg.com/ansi-purge/-/ansi-purge-1.0.0.tgz#2def7017d0c0a2ea73d88a97145d6fbc4b08316e"
  integrity sha512-kbm4dtp1jcI8ZWhttEPzmga9fwbhGMinIDghOcBng5q9dOsnM6PYV3ih+5TO4D7inGXU9zBmVi7x1Z4dluY85Q==

are-deeply-equal@^1.0.1:
  version "1.0.2"
  resolved "https://registry.yarnpkg.com/are-deeply-equal/-/are-deeply-equal-1.0.2.tgz#638701b4b7d6ac9b506e1a5777018385d5f3273f"
  integrity sha512-7AsojB7dPeWPKjkxqr0thGjBcLXDDAQu+ICg1TK8ZjYSoZqWVBs4gDSEuJZ71/zsZUTj1IGHk/24/8sL/F6c9Q==

atomically@^2.0.1:
  version "2.0.1"
  resolved "https://registry.yarnpkg.com/atomically/-/atomically-2.0.1.tgz#a9f1775340ced8db6ecf88160df9a0393fdd0055"
  integrity sha512-sxBhVZUFBFhqSAsYMM3X2oaUi2NVDJ8U026FsIusM8gYXls9AYs/eXzgGrufs1Qjpkxi9zunds+75QUFz+m7UQ==
  dependencies:
    stubborn-fs "^1.2.4"
    when-exit "^2.0.0"

call-chainer@^3.0.0:
  version "3.0.0"
  resolved "https://registry.yarnpkg.com/call-chainer/-/call-chainer-3.0.0.tgz#197cf50eb4d397844d1c342899a5c8b5c50f84b9"
  integrity sha512-s2xHPaNVG8z4Zoms45RIgLAFjMbtzjxZiYPq/cQMMfhrRnng2i4Cwo9QAusWY+IEmXw+d6I6MXHRAU+T1sElyQ==

dettle@^1.0.1:
  version "1.0.1"
  resolved "https://registry.yarnpkg.com/dettle/-/dettle-1.0.1.tgz#25e07a725722e389d3dea28027fb4a53cf18d8dd"
  integrity sha512-/oD3At60ZfhgzpofJtyClNTrIACyMdRe+ih0YiHzAniN0IZnLdLpEzgR6RtGs3kowxUkTnvV/4t1FBxXMUdusQ==

fava@^0.1.0:
  version "0.1.2"
  resolved "https://registry.yarnpkg.com/fava/-/fava-0.1.2.tgz#09ac4791f1a45a76ee55c1717b456151ac0607a4"
  integrity sha512-lKk3IzNMoaJ9bKjPsLwLKLjLc6tDEuxp1b6JYz8wbY31YyjSX7Dy+l4CZIgjSeSnf+Qw4WFKgmCT3+H9StxhnQ==
  dependencies:
    are-deeply-equal "^1.0.1"
    call-chainer "^3.0.0"
    promise-make-naked "^2.0.0"
    specialist "^1.0.2"
    tiny-colors "^2.0.2"
    tiny-readdir "^2.2.0"
    watcher "^2.2.2"
    zeptomatch "^1.1.0"

find-up-json@^2.0.1:
  version "2.0.2"
  resolved "https://registry.yarnpkg.com/find-up-json/-/find-up-json-2.0.2.tgz#e8e4419fe57d9a338576133e8835214eda635796"
  integrity sha512-UpHMIdzLzZNHZ0vXVv3kHr2vq2MWA+hA8zlzlPH5XMGyYisIr/7/dNm5AjWR3ae6Onie9a1zgtExOqix+8ESQw==

get-current-package@^1.0.0:
  version "1.0.0"
  resolved "https://registry.yarnpkg.com/get-current-package/-/get-current-package-1.0.0.tgz#503679737b9247aec825efe45591fd0a1ab20f6d"
  integrity sha512-mEZ43mmPMdRz+7vouBd/fhnEMRF0omBzcwwwf2GmbWSeZJGdWHRp9RGLZxW7ZnnZ14jPc3GreHh0s/7u7PZJpQ==
  dependencies:
    find-up-json "^2.0.1"

grammex@^1.1.0:
  version "1.1.0"
  resolved "https://registry.yarnpkg.com/grammex/-/grammex-1.1.0.tgz#d845021c119210d9fc0850a1f7a9c7a0e234bb55"
  integrity sha512-giVCkb5AxjfYHKfEfui5sSnGcrxTXr7Mz9GeCTeNc+DAB5wj96xc6iiPhv2S/qTToBA6XroaDwVnFMuGZvK41Q==

"is@npm:@fabiospampinato/is@^2.5.0":
  version "2.6.0"
  resolved "https://registry.yarnpkg.com/@fabiospampinato/is/-/is-2.6.0.tgz#9c9586e8701590f22ec09c6fd6ba5feb88b83a54"
  integrity sha512-MpH8oD3WkIQ6NNHjMNGh3HNRTAjImhN7XE1uxhebeREx0UcbWUCxLUr0UtV0fzJe3TrFVnuXSODbEYn1Df/hGg==

isostore@^1.0.0:
  version "1.0.0"
  resolved "https://registry.yarnpkg.com/isostore/-/isostore-1.0.0.tgz#7618d9ccbe6bafac787023191824f2cbb85bd02f"
  integrity sha512-MnhxUZYfi6vzq+MSgAziefgMKCVtSX9MUh1JK2qUTw4TSzszJoQfYko48ZoVgycCrSbzIQXBz2eaRA/6D4TlOg==
  dependencies:
    atomically "^2.0.1"
    memoization-registry "^1.0.1"
    when-exit "^2.1.0"

memoization-registry@^1.0.1:
  version "1.0.1"
  resolved "https://registry.yarnpkg.com/memoization-registry/-/memoization-registry-1.0.1.tgz#e931e56c59f4e985f955d19e9314816f92af3df0"
  integrity sha512-jKMBM586f/vsZVhmOO4mh1QH7Kx3BV/gIqxR3/hTh4L0Lej3P0POhPuC/dSuYQ6i3sSJwafvCFJic62rGzwtBw==
  dependencies:
    mild-map "^1.1.0"

mild-map@^1.1.0:
  version "1.1.1"
  resolved "https://registry.yarnpkg.com/mild-map/-/mild-map-1.1.1.tgz#daa41ac2c2eb2c99c0d7844cda5d61305f30f3fe"
  integrity sha512-+rxFxqOkENTsgH10mOP7ofDeEQQYsBLgYKsnVE8/Bu0E0LquCx7tGhdBdf8dLkXOuK2dKXJUX7uSg8B/JyR9SA==
  dependencies:
    is "npm:@fabiospampinato/is@^2.5.0"

promise-make-naked@^2.0.0:
  version "2.0.0"
  resolved "https://registry.yarnpkg.com/promise-make-naked/-/promise-make-naked-2.0.0.tgz#4f65db7da5cd4ba6581a598d9e7f0f6bf5a3ed83"
  integrity sha512-oPf4+YbFOsYM7oAa/sEdc46L1og6ulm652RA14V2CcUIgJ4cLSWnlX2gxg4H+Z84NIEpDE7wljOLEYWuivmd8A==

ripstat@^2.0.0, ripstat@^2.0.2:
  version "2.0.2"
  resolved "https://registry.yarnpkg.com/ripstat/-/ripstat-2.0.2.tgz#7b2c3500b741ffef5535547bb70472f44387123c"
  integrity sha512-93g4yBvHzYwl9issdCObsHBojarat+rGT4QDFR0gFrOO4UrG90XUufMGkaSCn21awp08ahP/mQlqIiVFsTH8LQ==
  dependencies:
    stubborn-fs "^1.2.4"

specialist@^1.0.2, specialist@^1.1.0:
  version "1.2.0"
  resolved "https://registry.yarnpkg.com/specialist/-/specialist-1.2.0.tgz#3c2837e90a48c980b0f004ce13b550f42520d8e1"
  integrity sha512-rgLvwEOeyA2BfeVh0kMPGKo6Rza1ueVABIc07eOembRPrF03y20AJPVQMHV0IHCCaS5Z2mItAxcM8F/D2CeV4Q==
  dependencies:
    tiny-bin "^1.4.0"
    tiny-colors "^2.0.2"
    tiny-parse-argv "^2.2.0"
    tiny-updater "^3.4.0"

stubborn-fs@^1.2.4:
  version "1.2.4"
  resolved "https://registry.yarnpkg.com/stubborn-fs/-/stubborn-fs-1.2.4.tgz#7b03f0e8c57272d86cbed0bdbd6d6b75dbd8f2e9"
  integrity sha512-KRa4nIRJ8q6uApQbPwYZVhOof8979fw4xbajBWa5kPJFa4nyY3aFaMWVyIVCDnkNCCG/3HLipUZ4QaNlYsmX1w==

tiny-bin@^1.4.0:
  version "1.4.0"
  resolved "https://registry.yarnpkg.com/tiny-bin/-/tiny-bin-1.4.0.tgz#665928427d49d9bf672c954f74001aeeb1078b46"
  integrity sha512-0W/E8cKa4dGZ7eNG48GqsgZt2FYZl+Jy03c4762hLiOoY9D1v0Lc7dq0oAJtLxjdGSFm5f3DL64XOxHvnuMGzg==
  dependencies:
    ansi-purge "^1.0.0"
    get-current-package "^1.0.0"
    tiny-colors "^2.0.2"
    tiny-levenshtein "^1.0.0"
    tiny-parse-argv "^2.2.0"
    tiny-updater "^3.4.0"

tiny-colors@^2.0.2:
  version "2.0.2"
  resolved "https://registry.yarnpkg.com/tiny-colors/-/tiny-colors-2.0.2.tgz#5370ba8ee6f4312e3b27f80f694ca9cbda51f0e1"
  integrity sha512-FYzA5Q5myp26PIZ4mx/03SreNgB1dGqcHJnj1Z8UVQ8/CBw0c6qRoPgRdk8rKpviY5diZyOmRGYMYKLYbjnmWQ==

tiny-levenshtein@^1.0.0:
  version "1.0.0"
  resolved "https://registry.yarnpkg.com/tiny-levenshtein/-/tiny-levenshtein-1.0.0.tgz#f0548fd7062b221a34dfa0a95a43fa792b3ac919"
  integrity sha512-27KxXZhuXCP+xol3k4jMWms8+B6H2qEUlBMTmB5YT3uvFXFNft4Hw/MqurrHkDdC01nx1HIADcE1wR40byJf4Q==

tiny-parse-argv@^2.2.0:
  version "2.2.0"
  resolved "https://registry.yarnpkg.com/tiny-parse-argv/-/tiny-parse-argv-2.2.0.tgz#0fc217411a4e968d2fff9e65316382ffece02ee6"
  integrity sha512-wtEWBArTcc4hHeT3F5otv5vay31AYsN/R9LURrrYhfVlQn4unk6XzaFRtmbU4y40WzKOsUP5NidN+x4lkBO8jQ==

tiny-readdir@^2.2.0:
  version "2.2.0"
  resolved "https://registry.yarnpkg.com/tiny-readdir/-/tiny-readdir-2.2.0.tgz#ad3770a29efae222beae06032389cbedab4b57bc"
  integrity sha512-bO4IgID5M2x5YQFBru/wREgT30YuA8aoOd/F8Rd6LKRIn1gOe9aREjT74J9EVukHqI/2RB+4SM1RgXM0gwxoWw==

tiny-updater@^3.4.0:
  version "3.4.0"
  resolved "https://registry.yarnpkg.com/tiny-updater/-/tiny-updater-3.4.0.tgz#30e1ca2f639ce2d367c37a09005ffc8640c155ce"
  integrity sha512-FUYEOUCAUuJHCEeuTq3XwJSDf73uHfBJnMEMoDQhlvYSP5BU3x5anCw4pgf19vFxRq97INZo7bdFjDIy6ar6wA==
  dependencies:
    isostore "^1.0.0"
    tiny-colors "^2.0.2"
    when-exit "^2.1.0"

tsex@^2.1.0:
  version "2.2.2"
  resolved "https://registry.yarnpkg.com/tsex/-/tsex-2.2.2.tgz#652bdbe04180cd199f9d4ae4b23ade4602024c34"
  integrity sha512-uWAl+Se/1FBxpTWyCkrPw9Gscs0+EuFSyi55hWGv+nHLRW/eCFDZ86vpqVIHYpozeSjAKRSrJ6+k6zVW+VjJvA==
  dependencies:
    atomically "^2.0.1"
    dettle "^1.0.1"
    specialist "^1.1.0"
    tiny-readdir "^2.2.0"
    watcher "^2.2.2"

typescript@^4.9.5:
  version "4.9.5"
  resolved "https://registry.yarnpkg.com/typescript/-/typescript-4.9.5.tgz#095979f9bcc0d09da324d58d03ce8f8374cbe65a"
  integrity sha512-1FXk9E2Hm+QzZQ7z+McJiHL4NW1F2EzMu9Nq9i3zAaGqibafqYwCVU6WyWAuyQRRzOlxou8xZSyXLEN8oKj24g==

watcher@^2.2.2:
  version "2.2.2"
  resolved "https://registry.yarnpkg.com/watcher/-/watcher-2.2.2.tgz#920a41ee55bdb76eeab4222361984440d4b9d38c"
  integrity sha512-q6H+WoyFUtcKbOiMh8HqtHqv8qMbJdAunALRyp3/Iwi/8vEBZ86AV71vTcbiX1JrtvbM2FeqQTFrXLIs9jT7EQ==
  dependencies:
    dettle "^1.0.1"
    ripstat "^2.0.0"
    tiny-readdir "^2.2.0"

when-exit@^2.0.0, when-exit@^2.1.0:
  version "2.1.0"
  resolved "https://registry.yarnpkg.com/when-exit/-/when-exit-2.1.0.tgz#0f7b5d7d5f00ea2c4b131b546c444cca2c4ffba7"
  integrity sha512-H85ulNwUBU1e6PGxkWUDgxnbohSXD++ah6Xw1VHAN7CtypcbZaC4aYjQ+C2PMVaDkURDuOinNAT+Lnz3utWXxQ==

zeptomatch@^1.1.0:
  version "1.1.0"
  resolved "https://registry.yarnpkg.com/zeptomatch/-/zeptomatch-1.1.0.tgz#705017a17df1fda16696f96140eeb68c871f11ca"
  integrity sha512-a7DWkdUiwFRIEwqXAC0IYFwXsyaZm9n8V3dndQz+iaZsaq+KcNESNMxV9G/8H8hxIe/hSTT45+SorgkYwCvBMg==
  dependencies:
    grammex "^1.1.0"
